{
  "name": "fun-stats",
  "version": "1.0.2",
  "lockfileVersion": 2,
  "requires": true,
  "packages": {
    "": {
      "name": "fun-stats",
      "version": "1.0.2",
      "license": "ISC",
      "dependencies": {
        "fun-stats": "^1.0.2"
      }
    },
    "node_modules/fun-stats": {
      "version": "1.0.2",
      "resolved": "https://registry.npmjs.org/fun-stats/-/fun-stats-1.0.2.tgz",
      "integrity": "sha512-MG4DWbOileTYi2jDGEBeEJ3ZtNSUBvrhMKCyn0cBM7LU8CQ/pkSC6T552rN4ayrklx8a3bXfsprxSI7QKghcYA=="
    }
  }
}
